
Microsoft Visual Studio Solution File, Format Version 12.00
# Visual Studio Version 17
VisualStudioVersion = 17.3.32929.385
MinimumVisualStudioVersion = 10.0.40219.1
Project("{FAE04EC0-301F-11D3-BF4B-00C04F79EFBC}") = "WindowsFormsComtrolProgram", "WindowsFormsComtrolProgram.csproj", "{5F8D0A24-7BC9-4476-8A52-AA9C6CAD2C68}"
EndProject
Global
	GlobalSection(SolutionConfigurationPlatforms) = preSolution
		Debug|Any CPU = Debug|Any CPU
		Release|Any CPU = Release|Any CPU
	EndGlobalSection
	GlobalSection(ProjectConfigurationPlatforms) = postSolution
		{5F8D0A24-7BC9-4476-8A52-AA9C6CAD2C68}.Debug|Any CPU.ActiveCfg = Debug|Any CPU
		{5F8D0A24-7BC9-4476-8A52-AA9C6CAD2C68}.Debug|Any CPU.Build.0 = Debug|Any CPU
		{5F8D0A24-7BC9-4476-8A52-AA9C6CAD2C68}.Release|Any CPU.ActiveCfg = Release|Any CPU
		{5F8D0A24-7BC9-4476-8A52-AA9C6CAD2C68}.Release|Any CPU.Build.0 = Release|Any CPU
	EndGlobalSection
	GlobalSection(SolutionProperties) = preSolution
		HideSolutionNode = FALSE
	EndGlobalSection
	GlobalSection(ExtensibilityGlobals) = postSolution
		SolutionGuid = {4C55F3B3-7491-4B8B-819F-BBB83F612F0C}
	EndGlobalSection
EndGlobal
